{
  "version": 4,
  "terraform_version": "1.5.7",
  "serial": 20,
  "lineage": "a8f36574-da85-58e6-7b1e-ac8747a438b8",
  "outputs": {},
  "resources": [
    {
      "mode": "managed",
      "type": "google_compute_firewall",
      "name": "allow_postgres",
      "provider": "provider[\"registry.terraform.io/hashicorp/google\"]",
      "instances": [
        {
          "schema_version": 1,
          "attributes": {
            "allow": [
              {
                "ports": [
                  "5432"
                ],
                "protocol": "tcp"
              }
            ],
            "creation_timestamp": "2025-03-11T04:07:56.777-07:00",
            "deny": [],
            "description": "",
            "destination_ranges": [],
            "direction": "INGRESS",
            "disabled": false,
            "enable_logging": null,
            "id": "projects/plucky-catfish-453406-h4/global/firewalls/allow-postgres",
            "log_config": [],
            "name": "allow-postgres",
            "network": "https://www.googleapis.com/compute/v1/projects/plucky-catfish-453406-h4/global/networks/default",
            "priority": 1000,
            "project": "plucky-catfish-453406-h4",
            "self_link": "https://www.googleapis.com/compute/v1/projects/plucky-catfish-453406-h4/global/firewalls/allow-postgres",
            "source_ranges": [
              "0.0.0.0/0"
            ],
            "source_service_accounts": null,
            "source_tags": null,
            "target_service_accounts": null,
            "target_tags": [
              "psql-vm"
            ],
            "timeouts": null
          },
          "sensitive_attributes": [],
          "private": "eyJlMmJmYjczMC1lY2FhLTExZTYtOGY4OC0zNDM2M2JjN2M0YzAiOnsiY3JlYXRlIjoxMjAwMDAwMDAwMDAwLCJkZWxldGUiOjEyMDAwMDAwMDAwMDAsInVwZGF0ZSI6MTIwMDAwMDAwMDAwMH0sInNjaGVtYV92ZXJzaW9uIjoiMSJ9"
        }
      ]
    },
    {
      "mode": "managed",
      "type": "google_compute_instance",
      "name": "vm_instance",
      "provider": "provider[\"registry.terraform.io/hashicorp/google\"]",
      "instances": [
        {
          "schema_version": 6,
          "attributes": {
            "advanced_machine_features": [],
            "allow_stopping_for_update": null,
            "attached_disk": [],
            "boot_disk": [
              {
                "auto_delete": true,
                "device_name": "persistent-disk-0",
                "disk_encryption_key_raw": "",
                "disk_encryption_key_sha256": "",
                "initialize_params": [
                  {
                    "enable_confidential_compute": false,
                    "image": "https://www.googleapis.com/compute/v1/projects/ubuntu-os-cloud/global/images/ubuntu-2204-jammy-v20250305",
                    "labels": {},
                    "provisioned_iops": 0,
                    "provisioned_throughput": 0,
                    "resource_manager_tags": null,
                    "resource_policies": [],
                    "size": 10,
                    "storage_pool": "",
                    "type": "pd-standard"
                  }
                ],
                "interface": "",
                "kms_key_self_link": "",
                "mode": "READ_WRITE",
                "source": "https://www.googleapis.com/compute/v1/projects/plucky-catfish-453406-h4/zones/asia-south2-a/disks/de-zc"
              }
            ],
            "can_ip_forward": false,
            "confidential_instance_config": [],
            "cpu_platform": "AMD Rome",
            "creation_timestamp": "2025-03-11T04:07:59.086-07:00",
            "current_status": "RUNNING",
            "deletion_protection": false,
            "description": "",
            "desired_status": null,
            "effective_labels": {
              "environment": "dev",
              "goog-terraform-provisioned": "true"
            },
            "enable_display": false,
            "guest_accelerator": [],
            "hostname": "",
            "id": "projects/plucky-catfish-453406-h4/zones/asia-south2-a/instances/de-zc",
            "instance_id": "6562249361797785441",
            "key_revocation_action_type": "",
            "label_fingerprint": "IEFxBKzHj7c=",
            "labels": {
              "environment": "dev"
            },
            "machine_type": "e2-medium",
            "metadata": {
              "ssh-keys": "vinamrgrover:ssh-rsa AAAAB3NzaC1yc2EAAAADAQABAAABgQDHMJO0REN8RB99v0Z45Kl+rvfY9I6Ap5qrxNyzMg6tr8S07INF5t+HK3FGChZRIP2X4Fo8s8+wcNB2GxVgOZU9v6Av1MwRjt6no0aQRSByhM4PhW2xk3N2B4cX3niB/TRf+a58ZXplBCSeC+vQIMeUUXHTjaIIJn6hw9LPJwV4P3uDOKG7WiTuAUq/LgZPg0xvQ9OTxVzkzfDgWGHDEmDKVwraxr+Jbwnsm1w9WTrKX/to6waBPFqAq3wf4wJhKQ/vwCrEvVNlorcd5eRGJvxh367Ks+txFRiUkQvZCwyXWahF/a0O8LllxV9kVmApsowobrmrAJp0kTQroe9j5sfryF5mGaQtTjP+Q578xm91/YkLbKmD4vnAHc4zqyuhqy+4cwYZlqi1OGe4SN901dvjd8PA5tc0kcyZHwFYRAPcEuAugq60/EMf5YYd/AkJ7VRTyLUCNxVBqQWkh1WAhry1V7tWPArD4uuYsijcosmegRok5JgokNoEjFG6JiaClGs= vinamrgrover@Vinamrs-MacBook-Air.local",
              "startup-script": "#!/bin/bash\n      echo \"Running custom startup script...\" \u003e /var/log/startup-script.log\n      sudo apt-get update -y\n      sudo apt-get install postgresql -y\n      sudo sed -i 's/^#\\?listen_addresses =.*/listen_addresses = '\\''*'\\''/' /etc/postgresql/14/main/postgresql.conf\n      echo \"host all all 0.0.0.0/0 md5\" | sudo tee -a /etc/postgresql/14/main/pg_hba.conf\n      sudo systemctl restart postgresql\n\n      cd ~ \u0026\u0026 sudo -u postgres psql --db postgres \u003c\u003c EOF\nCREATE ROLE vinamrgrover WITH LOGIN SUPERUSER PASSWORD 'SHINchan123';\nALTER ROLE vinamrgrover WITH LOGIN;\nEOF\n\n"
            },
            "metadata_fingerprint": "Do2jtcRrAPc=",
            "metadata_startup_script": null,
            "min_cpu_platform": "",
            "name": "de-zc",
            "network_interface": [
              {
                "access_config": [
                  {
                    "nat_ip": "34.131.19.30",
                    "network_tier": "PREMIUM",
                    "public_ptr_domain_name": ""
                  }
                ],
                "alias_ip_range": [],
                "internal_ipv6_prefix_length": 0,
                "ipv6_access_config": [],
                "ipv6_access_type": "",
                "ipv6_address": "",
                "name": "nic0",
                "network": "https://www.googleapis.com/compute/v1/projects/plucky-catfish-453406-h4/global/networks/default",
                "network_attachment": "",
                "network_ip": "10.190.0.11",
                "nic_type": "",
                "queue_count": 0,
                "stack_type": "IPV4_ONLY",
                "subnetwork": "https://www.googleapis.com/compute/v1/projects/plucky-catfish-453406-h4/regions/asia-south2/subnetworks/default",
                "subnetwork_project": "plucky-catfish-453406-h4"
              }
            ],
            "network_performance_config": [],
            "params": [],
            "project": "plucky-catfish-453406-h4",
            "reservation_affinity": [],
            "resource_policies": null,
            "scheduling": [
              {
                "automatic_restart": false,
                "availability_domain": 0,
                "instance_termination_action": "",
                "local_ssd_recovery_timeout": [],
                "max_run_duration": [],
                "min_node_cpus": 0,
                "node_affinities": [],
                "on_host_maintenance": "TERMINATE",
                "on_instance_stop_action": [],
                "preemptible": true,
                "provisioning_model": ""
              }
            ],
            "scratch_disk": [],
            "self_link": "https://www.googleapis.com/compute/v1/projects/plucky-catfish-453406-h4/zones/asia-south2-a/instances/de-zc",
            "service_account": [],
            "shielded_instance_config": [
              {
                "enable_integrity_monitoring": true,
                "enable_secure_boot": false,
                "enable_vtpm": true
              }
            ],
            "tags": [
              "psql-vm"
            ],
            "tags_fingerprint": "wKKvCrcQZHA=",
            "terraform_labels": {
              "environment": "dev",
              "goog-terraform-provisioned": "true"
            },
            "timeouts": null,
            "zone": "asia-south2-a"
          },
          "sensitive_attributes": [],
          "private": "eyJlMmJmYjczMC1lY2FhLTExZTYtOGY4OC0zNDM2M2JjN2M0YzAiOnsiY3JlYXRlIjoxMjAwMDAwMDAwMDAwLCJkZWxldGUiOjEyMDAwMDAwMDAwMDAsInVwZGF0ZSI6MTIwMDAwMDAwMDAwMH0sInNjaGVtYV92ZXJzaW9uIjoiNiJ9"
        }
      ]
    }
  ],
  "check_results": null
}
